PODS:
  - Alamofire (4.7.3)
  - BigInt (5.2.0)
  - EosioSwift (0.4.0):
    - BigInt (~> 5.0)
    - PromiseKit (~> 6.8)
  - EosioSwiftAbieosSerializationProvider (0.4.0):
    - EosioSwift (~> 0.4.0)
  - EosioSwiftEcc (0.4.0):
    - EosioSwift (~> 0.4.0)
    - GRKOpenSSLFramework (= 1.0.2.19)
  - EosioSwiftVault (0.4.0):
    - EosioSwift (~> 0.4.0)
    - EosioSwiftEcc (~> 0.4.0)
  - EosioSwiftVaultSignatureProvider (0.4.0):
    - EosioSwift (~> 0.4.0)
    - EosioSwiftEcc (~> 0.4.0)
    - EosioSwiftVault (~> 0.4.0)
  - Firebase (5.11.0):
    - Firebase/Core (= 5.11.0)
  - Firebase/Core (5.11.0):
    - Firebase/CoreOnly
    - FirebaseAnalytics (= 5.3.0)
  - Firebase/CoreOnly (5.11.0):
    - FirebaseCore (= 5.1.6)
  - Firebase/Messaging (5.11.0):
    - Firebase/CoreOnly
    - FirebaseMessaging (= 3.2.1)
  - FirebaseAnalytics (5.3.0):
    - FirebaseCore (~> 5.1)
    - FirebaseInstanceID (~> 3.3)
    - GoogleAppMeasurement (~> 5.3)
    - GoogleUtilities/AppDelegateSwizzler (~> 5.2)
    - GoogleUtilities/MethodSwizzler (~> 5.2)
    - GoogleUtilities/Network (~> 5.2)
    - "GoogleUtilities/NSData+zlib (~> 5.2)"
    - nanopb (~> 0.3)
  - FirebaseAnalyticsInterop (1.1.0)
  - FirebaseCore (5.1.6):
    - GoogleUtilities/Logger (~> 5.2)
  - FirebaseInstanceID (3.3.0):
    - FirebaseCore (~> 5.1)
    - GoogleUtilities/Environment (~> 5.3)
    - GoogleUtilities/UserDefaults (~> 5.3)
  - FirebaseMessaging (3.2.1):
    - FirebaseAnalyticsInterop (~> 1.1)
    - FirebaseCore (~> 5.1)
    - FirebaseInstanceID (~> 3.0)
    - GoogleUtilities/Environment (~> 5.2)
    - GoogleUtilities/Reachability (~> 5.2)
    - Protobuf (~> 3.1)
  - GoogleAppMeasurement (5.3.0):
    - GoogleUtilities/AppDelegateSwizzler (~> 5.2)
    - GoogleUtilities/MethodSwizzler (~> 5.2)
    - GoogleUtilities/Network (~> 5.2)
    - "GoogleUtilities/NSData+zlib (~> 5.2)"
    - nanopb (~> 0.3)
  - GoogleUtilities/AppDelegateSwizzler (5.3.4):
    - GoogleUtilities/Environment
    - GoogleUtilities/Logger
    - GoogleUtilities/Network
  - GoogleUtilities/Environment (5.3.4)
  - GoogleUtilities/Logger (5.3.4):
    - GoogleUtilities/Environment
  - GoogleUtilities/MethodSwizzler (5.3.4):
    - GoogleUtilities/Logger
  - GoogleUtilities/Network (5.3.4):
    - GoogleUtilities/Logger
    - "GoogleUtilities/NSData+zlib"
    - GoogleUtilities/Reachability
  - "GoogleUtilities/NSData+zlib (5.3.4)"
  - GoogleUtilities/Reachability (5.3.4):
    - GoogleUtilities/Logger
  - GoogleUtilities/UserDefaults (5.3.4):
    - GoogleUtilities/Logger
  - GRKOpenSSLFramework (1.0.2.19)
  - Moya/Core (11.0.2):
    - Alamofire (~> 4.1)
    - Result (~> 3.0)
  - Moya/RxSwift (11.0.2):
    - Moya/Core
    - RxSwift (~> 4.0)
  - nanopb (0.3.901):
    - nanopb/decode (= 0.3.901)
    - nanopb/encode (= 0.3.901)
  - nanopb/decode (0.3.901)
  - nanopb/encode (0.3.901)
  - PromiseKit (6.13.1):
    - PromiseKit/CorePromise (= 6.13.1)
    - PromiseKit/Foundation (= 6.13.1)
    - PromiseKit/UIKit (= 6.13.1)
  - PromiseKit/CorePromise (6.13.1)
  - PromiseKit/Foundation (6.13.1):
    - PromiseKit/CorePromise
  - PromiseKit/UIKit (6.13.1):
    - PromiseKit/CorePromise
  - Protobuf (3.6.1)
  - Realm (3.21.0):
    - Realm/Headers (= 3.21.0)
  - Realm/Headers (3.21.0)
  - RealmSwift (3.21.0):
    - Realm (= 3.21.0)
  - Result (3.2.4)
  - RxCocoa (4.5.0):
    - RxSwift (>= 4.4.2, ~> 4.4)
  - RxSwift (4.5.0)
  - SnapKit (5.0.1)
  - SwiftChart (1.0.1)
  - SwiftyJSON (4.1.0)

DEPENDENCIES:
  - Alamofire (~> 4.7)
  - EosioSwift (~> 0.4)
  - EosioSwiftAbieosSerializationProvider (~> 0.4)
  - EosioSwiftVaultSignatureProvider (~> 0.4)
  - Firebase
  - Firebase/Core
  - Firebase/Messaging
  - Moya/RxSwift (~> 11.0)
  - RealmSwift (~> 3.20)
  - RxCocoa (~> 4.5)
  - RxSwift (~> 4.5)
  - SnapKit (~> 5.0)
  - SwiftChart (~> 1.0.1)
  - SwiftyJSON

SPEC REPOS:
  https://github.com/CocoaPods/Specs.git:
    - Alamofire
    - Firebase
    - FirebaseAnalytics
    - FirebaseAnalyticsInterop
    - FirebaseCore
    - FirebaseInstanceID
    - FirebaseMessaging
    - GoogleAppMeasurement
    - GoogleUtilities
    - Moya
    - nanopb
    - Protobuf
    - Realm
    - RealmSwift
    - Result
    - RxCocoa
    - RxSwift
    - SwiftChart
    - SwiftyJSON
  trunk:
    - BigInt
    - EosioSwift
    - EosioSwiftAbieosSerializationProvider
    - EosioSwiftEcc
    - EosioSwiftVault
    - EosioSwiftVaultSignatureProvider
    - GRKOpenSSLFramework
    - PromiseKit
    - SnapKit

SPEC CHECKSUMS:
  Alamofire: c7287b6e5d7da964a70935e5db17046b7fde6568
  BigInt: f668a80089607f521586bbe29513d708491ef2f7
  EosioSwift: 2965d63ded78cbe4d1849ccf96aea5a8d92cc643
  EosioSwiftAbieosSerializationProvider: eba59a5335200175ccb71546388b81e98cd3213d
  EosioSwiftEcc: bd176c3e86e7ee25a40e428473fe9fef404339f5
  EosioSwiftVault: e3fda90a504e20dd24c6fa525edff583a24f5af2
  EosioSwiftVaultSignatureProvider: 0c5982ea394e328d6280ec8690dd0d319a5aa386
  Firebase: b48f9e653da971ecce5b8c749684bc8bb2d26bd3
  FirebaseAnalytics: 63202d2665de4e6adcbdce189135255d8b5962ba
  FirebaseAnalyticsInterop: e5f21be9af6548372e2f0815834ff909bff395a2
  FirebaseCore: d16552f06821489ce1affe2e5e3e5593402ddfe3
  FirebaseInstanceID: e2fa4cb35ef5558c200f7f0ad8a53e212215f93e
  FirebaseMessaging: 0f14a264b0d7f867e8eff5d3556bc5d0d4e57888
  GoogleAppMeasurement: 5029d78f2b438bd30ffb44e6c558b57c21622727
  GoogleUtilities: abb092d2c12e817fa3e0e7b274987dd72fb86ec3
  GRKOpenSSLFramework: 4abc733a8fcbc37060619a86a54202d2938dd70e
  Moya: a725035953bc1c0eb1be505ab903984501d82440
  nanopb: 2901f78ea1b7b4015c860c2fdd1ea2fee1a18d48
  PromiseKit: 28fda91c973cc377875d8c0ea4f973013c05b6db
  Protobuf: 1eb9700044745f00181c136ef21b8ff3ad5a0fd5
  Realm: 38e9dcb19104b58407167d99f70d4995f7c16023
  RealmSwift: 3183cc1ad48378fbcd634311b22c0e6c44021152
  Result: d2d07204ce72856f1fd9130bbe42c35a7b0fea10
  RxCocoa: cbf70265dc65a981d4ac982e513c10cf23df24a0
  RxSwift: f172070dfd1a93d70a9ab97a5a01166206e1c575
  SnapKit: 97b92857e3df3a0c71833cce143274bf6ef8e5eb
  SwiftChart: ba767a678d568a5ee22d419e146a0582865e1aff
  SwiftyJSON: c29297daf073d2aa016295d5809cdd68045c39b3

PODFILE CHECKSUM: 5c99a305c8d2b27d1272a7ccea1dfc92e2fe4d73

COCOAPODS: 1.11.3
